
Microsoft Visual Studio Solution File, Format Version 12.00
# Visual Studio Version 17
VisualStudioVersion = 17.5.2.0
MinimumVisualStudioVersion = 10.0.40219.1
Project("{2150E333-8FDC-42A3-9474-1A3956D46DE8}") = "src", "src", "{827E0CD3-B72D-47B6-A68D-7590B98EB39B}"
EndProject
Project("{FAE04EC0-301F-11D3-BF4B-00C04F79EFBC}") = "FileGenerator", "src\FileGenerator\FileGenerator.csproj", "{F10C66CB-46F8-AA95-C3CA-12252F2BB3B7}"
EndProject
Project("{FAE04EC0-301F-11D3-BF4B-00C04F79EFBC}") = "FileSorter", "src\FileSorter\FileSorter.csproj", "{8C840B93-6787-3AC8-BBF9-1936852E86E5}"
EndProject
Project("{2150E333-8FDC-42A3-9474-1A3956D46DE8}") = "tst", "tst", "{927D5C5A-C3F5-A059-FD9E-09B4C1EC2C3D}"
EndProject
Project("{2150E333-8FDC-42A3-9474-1A3956D46DE8}") = "FileSorter", "FileSorter", "{EE72E360-B588-5BB3-A4EB-45A9C8BD0420}"
EndProject
Project("{FAE04EC0-301F-11D3-BF4B-00C04F79EFBC}") = "FileSorter.UnitTests", "tst\FileSorter\FileSorter.UnitTests\FileSorter.UnitTests.csproj", "{445AFAEA-F739-43E6-BE48-52E921120056}"
EndProject
Project("{2150E333-8FDC-42A3-9474-1A3956D46DE8}") = "FileGenerator", "FileGenerator", "{0235BB10-52A8-F6F6-1C2A-960ACF3FC38C}"
EndProject
Project("{FAE04EC0-301F-11D3-BF4B-00C04F79EFBC}") = "FileGenerator.UnitTests", "tst\FileGenerator\FileGenerator.UnitTests\FileGenerator.UnitTests.csproj", "{9CEB1B0C-62E9-48C3-BA6E-9ACC2812E802}"
EndProject
Project("{FAE04EC0-301F-11D3-BF4B-00C04F79EFBC}") = "FileSorter.PerformanceTests", "tst\FileSorter\FileSorter.PerformanceTests\FileSorter.PerformanceTests.csproj", "{6D0B2E1F-BC7C-47EE-A9CF-B50E1A567D5C}"
EndProject
Project("{FAE04EC0-301F-11D3-BF4B-00C04F79EFBC}") = "FileGenerator.PerformanceTests", "tst\FileGenerator\FileGenerator.PerformanceTests\FileGenerator.PerformanceTests.csproj", "{4127040B-7B03-4C38-96A2-67852A1345BC}"
EndProject
Global
	GlobalSection(SolutionConfigurationPlatforms) = preSolution
		Debug|Any CPU = Debug|Any CPU
		Debug|x64 = Debug|x64
		Debug|x86 = Debug|x86
		Release|Any CPU = Release|Any CPU
		Release|x64 = Release|x64
		Release|x86 = Release|x86
	EndGlobalSection
	GlobalSection(ProjectConfigurationPlatforms) = postSolution
		{F10C66CB-46F8-AA95-C3CA-12252F2BB3B7}.Debug|Any CPU.ActiveCfg = Debug|Any CPU
		{F10C66CB-46F8-AA95-C3CA-12252F2BB3B7}.Debug|Any CPU.Build.0 = Debug|Any CPU
		{F10C66CB-46F8-AA95-C3CA-12252F2BB3B7}.Debug|x64.ActiveCfg = Debug|Any CPU
		{F10C66CB-46F8-AA95-C3CA-12252F2BB3B7}.Debug|x64.Build.0 = Debug|Any CPU
		{F10C66CB-46F8-AA95-C3CA-12252F2BB3B7}.Debug|x86.ActiveCfg = Debug|Any CPU
		{F10C66CB-46F8-AA95-C3CA-12252F2BB3B7}.Debug|x86.Build.0 = Debug|Any CPU
		{F10C66CB-46F8-AA95-C3CA-12252F2BB3B7}.Release|Any CPU.ActiveCfg = Release|Any CPU
		{F10C66CB-46F8-AA95-C3CA-12252F2BB3B7}.Release|Any CPU.Build.0 = Release|Any CPU
		{F10C66CB-46F8-AA95-C3CA-12252F2BB3B7}.Release|x64.ActiveCfg = Release|Any CPU
		{F10C66CB-46F8-AA95-C3CA-12252F2BB3B7}.Release|x64.Build.0 = Release|Any CPU
		{F10C66CB-46F8-AA95-C3CA-12252F2BB3B7}.Release|x86.ActiveCfg = Release|Any CPU
		{F10C66CB-46F8-AA95-C3CA-12252F2BB3B7}.Release|x86.Build.0 = Release|Any CPU
		{8C840B93-6787-3AC8-BBF9-1936852E86E5}.Debug|Any CPU.ActiveCfg = Debug|Any CPU
		{8C840B93-6787-3AC8-BBF9-1936852E86E5}.Debug|Any CPU.Build.0 = Debug|Any CPU
		{8C840B93-6787-3AC8-BBF9-1936852E86E5}.Debug|x64.ActiveCfg = Debug|Any CPU
		{8C840B93-6787-3AC8-BBF9-1936852E86E5}.Debug|x64.Build.0 = Debug|Any CPU
		{8C840B93-6787-3AC8-BBF9-1936852E86E5}.Debug|x86.ActiveCfg = Debug|Any CPU
		{8C840B93-6787-3AC8-BBF9-1936852E86E5}.Debug|x86.Build.0 = Debug|Any CPU
		{8C840B93-6787-3AC8-BBF9-1936852E86E5}.Release|Any CPU.ActiveCfg = Release|Any CPU
		{8C840B93-6787-3AC8-BBF9-1936852E86E5}.Release|Any CPU.Build.0 = Release|Any CPU
		{8C840B93-6787-3AC8-BBF9-1936852E86E5}.Release|x64.ActiveCfg = Release|Any CPU
		{8C840B93-6787-3AC8-BBF9-1936852E86E5}.Release|x64.Build.0 = Release|Any CPU
		{8C840B93-6787-3AC8-BBF9-1936852E86E5}.Release|x86.ActiveCfg = Release|Any CPU
		{8C840B93-6787-3AC8-BBF9-1936852E86E5}.Release|x86.Build.0 = Release|Any CPU
		{445AFAEA-F739-43E6-BE48-52E921120056}.Debug|Any CPU.ActiveCfg = Debug|Any CPU
		{445AFAEA-F739-43E6-BE48-52E921120056}.Debug|Any CPU.Build.0 = Debug|Any CPU
		{445AFAEA-F739-43E6-BE48-52E921120056}.Debug|x64.ActiveCfg = Debug|Any CPU
		{445AFAEA-F739-43E6-BE48-52E921120056}.Debug|x64.Build.0 = Debug|Any CPU
		{445AFAEA-F739-43E6-BE48-52E921120056}.Debug|x86.ActiveCfg = Debug|Any CPU
		{445AFAEA-F739-43E6-BE48-52E921120056}.Debug|x86.Build.0 = Debug|Any CPU
		{445AFAEA-F739-43E6-BE48-52E921120056}.Release|Any CPU.ActiveCfg = Release|Any CPU
		{445AFAEA-F739-43E6-BE48-52E921120056}.Release|Any CPU.Build.0 = Release|Any CPU
		{445AFAEA-F739-43E6-BE48-52E921120056}.Release|x64.ActiveCfg = Release|Any CPU
		{445AFAEA-F739-43E6-BE48-52E921120056}.Release|x64.Build.0 = Release|Any CPU
		{445AFAEA-F739-43E6-BE48-52E921120056}.Release|x86.ActiveCfg = Release|Any CPU
		{445AFAEA-F739-43E6-BE48-52E921120056}.Release|x86.Build.0 = Release|Any CPU
		{9CEB1B0C-62E9-48C3-BA6E-9ACC2812E802}.Debug|Any CPU.ActiveCfg = Debug|Any CPU
		{9CEB1B0C-62E9-48C3-BA6E-9ACC2812E802}.Debug|Any CPU.Build.0 = Debug|Any CPU
		{9CEB1B0C-62E9-48C3-BA6E-9ACC2812E802}.Debug|x64.ActiveCfg = Debug|Any CPU
		{9CEB1B0C-62E9-48C3-BA6E-9ACC2812E802}.Debug|x64.Build.0 = Debug|Any CPU
		{9CEB1B0C-62E9-48C3-BA6E-9ACC2812E802}.Debug|x86.ActiveCfg = Debug|Any CPU
		{9CEB1B0C-62E9-48C3-BA6E-9ACC2812E802}.Debug|x86.Build.0 = Debug|Any CPU
		{9CEB1B0C-62E9-48C3-BA6E-9ACC2812E802}.Release|Any CPU.ActiveCfg = Release|Any CPU
		{9CEB1B0C-62E9-48C3-BA6E-9ACC2812E802}.Release|Any CPU.Build.0 = Release|Any CPU
		{9CEB1B0C-62E9-48C3-BA6E-9ACC2812E802}.Release|x64.ActiveCfg = Release|Any CPU
		{9CEB1B0C-62E9-48C3-BA6E-9ACC2812E802}.Release|x64.Build.0 = Release|Any CPU
		{9CEB1B0C-62E9-48C3-BA6E-9ACC2812E802}.Release|x86.ActiveCfg = Release|Any CPU
		{9CEB1B0C-62E9-48C3-BA6E-9ACC2812E802}.Release|x86.Build.0 = Release|Any CPU
		{6D0B2E1F-BC7C-47EE-A9CF-B50E1A567D5C}.Debug|Any CPU.ActiveCfg = Debug|Any CPU
		{6D0B2E1F-BC7C-47EE-A9CF-B50E1A567D5C}.Debug|Any CPU.Build.0 = Debug|Any CPU
		{6D0B2E1F-BC7C-47EE-A9CF-B50E1A567D5C}.Debug|x64.ActiveCfg = Debug|Any CPU
		{6D0B2E1F-BC7C-47EE-A9CF-B50E1A567D5C}.Debug|x64.Build.0 = Debug|Any CPU
		{6D0B2E1F-BC7C-47EE-A9CF-B50E1A567D5C}.Debug|x86.ActiveCfg = Debug|Any CPU
		{6D0B2E1F-BC7C-47EE-A9CF-B50E1A567D5C}.Debug|x86.Build.0 = Debug|Any CPU
		{6D0B2E1F-BC7C-47EE-A9CF-B50E1A567D5C}.Release|Any CPU.ActiveCfg = Release|Any CPU
		{6D0B2E1F-BC7C-47EE-A9CF-B50E1A567D5C}.Release|Any CPU.Build.0 = Release|Any CPU
		{6D0B2E1F-BC7C-47EE-A9CF-B50E1A567D5C}.Release|x64.ActiveCfg = Release|Any CPU
		{6D0B2E1F-BC7C-47EE-A9CF-B50E1A567D5C}.Release|x64.Build.0 = Release|Any CPU
		{6D0B2E1F-BC7C-47EE-A9CF-B50E1A567D5C}.Release|x86.ActiveCfg = Release|Any CPU
		{6D0B2E1F-BC7C-47EE-A9CF-B50E1A567D5C}.Release|x86.Build.0 = Release|Any CPU
		{4127040B-7B03-4C38-96A2-67852A1345BC}.Debug|Any CPU.ActiveCfg = Debug|Any CPU
		{4127040B-7B03-4C38-96A2-67852A1345BC}.Debug|Any CPU.Build.0 = Debug|Any CPU
		{4127040B-7B03-4C38-96A2-67852A1345BC}.Debug|x64.ActiveCfg = Debug|Any CPU
		{4127040B-7B03-4C38-96A2-67852A1345BC}.Debug|x64.Build.0 = Debug|Any CPU
		{4127040B-7B03-4C38-96A2-67852A1345BC}.Debug|x86.ActiveCfg = Debug|Any CPU
		{4127040B-7B03-4C38-96A2-67852A1345BC}.Debug|x86.Build.0 = Debug|Any CPU
		{4127040B-7B03-4C38-96A2-67852A1345BC}.Release|Any CPU.ActiveCfg = Release|Any CPU
		{4127040B-7B03-4C38-96A2-67852A1345BC}.Release|Any CPU.Build.0 = Release|Any CPU
		{4127040B-7B03-4C38-96A2-67852A1345BC}.Release|x64.ActiveCfg = Release|Any CPU
		{4127040B-7B03-4C38-96A2-67852A1345BC}.Release|x64.Build.0 = Release|Any CPU
		{4127040B-7B03-4C38-96A2-67852A1345BC}.Release|x86.ActiveCfg = Release|Any CPU
		{4127040B-7B03-4C38-96A2-67852A1345BC}.Release|x86.Build.0 = Release|Any CPU
	EndGlobalSection
	GlobalSection(SolutionProperties) = preSolution
		HideSolutionNode = FALSE
	EndGlobalSection
	GlobalSection(NestedProjects) = preSolution
		{F10C66CB-46F8-AA95-C3CA-12252F2BB3B7} = {827E0CD3-B72D-47B6-A68D-7590B98EB39B}
		{8C840B93-6787-3AC8-BBF9-1936852E86E5} = {827E0CD3-B72D-47B6-A68D-7590B98EB39B}
		{EE72E360-B588-5BB3-A4EB-45A9C8BD0420} = {927D5C5A-C3F5-A059-FD9E-09B4C1EC2C3D}
		{445AFAEA-F739-43E6-BE48-52E921120056} = {EE72E360-B588-5BB3-A4EB-45A9C8BD0420}
		{0235BB10-52A8-F6F6-1C2A-960ACF3FC38C} = {927D5C5A-C3F5-A059-FD9E-09B4C1EC2C3D}
		{9CEB1B0C-62E9-48C3-BA6E-9ACC2812E802} = {0235BB10-52A8-F6F6-1C2A-960ACF3FC38C}
		{6D0B2E1F-BC7C-47EE-A9CF-B50E1A567D5C} = {EE72E360-B588-5BB3-A4EB-45A9C8BD0420}
		{4127040B-7B03-4C38-96A2-67852A1345BC} = {0235BB10-52A8-F6F6-1C2A-960ACF3FC38C}
	EndGlobalSection
	GlobalSection(ExtensibilityGlobals) = postSolution
		SolutionGuid = {F19C7F5E-0828-4B96-B2BF-818D2AC9BD2E}
	EndGlobalSection
EndGlobal
